// !$*UTF8*$!
{
	archiveVersion = 1;
	classes = {
	};
	objectVersion = 77;
	objects = {

/* Begin PBXBuildFile section */
		F3CDF1632F79C565005E6880 /* MorningResetApp.swift in Sources */ = {isa = PBXBuildFile; fileRef = F3CDF1572F79C565005E6880 /* MorningResetApp.swift */; };
		F3CDF1642F79C565005E6880 /* QuizView.swift in Sources */ = {isa = PBXBuildFile; fileRef = F3CDF15E2F79C565005E6880 /* QuizView.swift */; };
		F3CDF1652F79C565005E6880 /* AppState.swift in Sources */ = {isa = PBXBuildFile; fileRef = F3CDF1612F79C565005E6880 /* AppState.swift */; };
		F3CDF1662F79C565005E6880 /* RootView.swift in Sources */ = {isa = PBXBuildFile; fileRef = F3CDF1582F79C565005E6880 /* RootView.swift */; };
		F3CDF1672F79C565005E6880 /* ResultsView.swift in Sources */ = {isa = PBXBuildFile; fileRef = F3CDF15F2F79C565005E6880 /* ResultsView.swift */; };
		F3CDF1682F79C565005E6880 /* MorningData.swift in Sources */ = {isa = PBXBuildFile; fileRef = F3CDF15A2F79C565005E6880 /* MorningData.swift */; };
		F3CDF1692F79C565005E6880 /* ActionView.swift in Sources */ = {isa = PBXBuildFile; fileRef = F3CDF15C2F79C565005E6880 /* ActionView.swift */; };
		F3CDF16A2F79C565005E6880 /* AlarmView.swift in Sources */ = {isa = PBXBuildFile; fileRef = F3CDF15D2F79C565005E6880 /* AlarmView.swift */; };
		497D03C6396D2A0C57CE9290 /* UserDefaultsKeys.swift in Sources */ = {isa = PBXBuildFile; fileRef = 8B68FE6EEEE7FFFD5666EF7E /* UserDefaultsKeys.swift */; };
		2182FDB66C6BD87A70EED768 /* AppState+Premium.swift in Sources */ = {isa = PBXBuildFile; fileRef = F1A852C3A47BC367E2BDD567 /* AppState+Premium.swift */; };
		D8D19AACAF9BD232F9AA4AC8 /* AppState+Mobility.swift in Sources */ = {isa = PBXBuildFile; fileRef = C55D4C0E32823ED45264C056 /* AppState+Mobility.swift */; };
		F3E866D3FBA108E56158C49F /* SoundLibrary.swift in Sources */ = {isa = PBXBuildFile; fileRef = 3381C3DE1FDC5C24134AA50B /* SoundLibrary.swift */; };
		4CE73625533D929BDBA4B1CE /* MorningData+TR.swift in Sources */ = {isa = PBXBuildFile; fileRef = 99257E9B40648C7BA1370841 /* MorningData+TR.swift */; };
		F5B24C8A341BEB6337850AE4 /* MorningData+ES.swift in Sources */ = {isa = PBXBuildFile; fileRef = F87D5C00FF8A570E1817D8C4 /* MorningData+ES.swift */; };
		9C1854EA9027E7C907E6709B /* Localizable.xcstrings in Resources */ = {isa = PBXBuildFile; fileRef = 40266B3C5FF1706AAB78F604 /* Localizable.xcstrings */; };
		5B9488E27D6DA7A6B3CC1B53 /* AlarmEntryRouter.swift in Sources */ = {isa = PBXBuildFile; fileRef = 4B58194D486A8F65C7E7686A /* AlarmEntryRouter.swift */; };
		38431A8B6890AEDE612C6469 /* DesignSystem.swift in Sources */ = {isa = PBXBuildFile; fileRef = 5EE9BEFCC32F315BFAD122C0 /* DesignSystem.swift */; };
		DE2640F6B123D0ADE1FAB210 /* Strings.swift in Sources */ = {isa = PBXBuildFile; fileRef = B0594CAEFBF4FD2AA0C92F45 /* Strings.swift */; };
		11999F06565BFC1F20E45D58 /* AIInsightModels.swift in Sources */ = {isa = PBXBuildFile; fileRef = A60D85B9A7E3267D147C1DC6 /* AIInsightModels.swift */; };
		44D72EE27CF8FF4E6C68FA30 /* AIInsightPromptBuilder.swift in Sources */ = {isa = PBXBuildFile; fileRef = D84C25D9DB22AE4C05B7A283 /* AIInsightPromptBuilder.swift */; };
		CBA1ACB313B576FA9253B940 /* AIInsightService.swift in Sources */ = {isa = PBXBuildFile; fileRef = 7316F8507BCB228F0D0CB8CC /* AIInsightService.swift */; };
		1553223E3B3B301E88173E51 /* ActionContent.swift in Sources */ = {isa = PBXBuildFile; fileRef = DCABB07C5CE08961DD97FF5F /* ActionContent.swift */; };
		B7994162D71BCBBA499FE1D2 /* AlarmBackend.swift in Sources */ = {isa = PBXBuildFile; fileRef = E2FF39BF9CEA3C903F5184B6 /* AlarmBackend.swift */; };
		5648B0B2015E698B8C14D680 /* AlarmScheduler.swift in Sources */ = {isa = PBXBuildFile; fileRef = 0D1DA9A656994DA5BEB6730C /* AlarmScheduler.swift */; };
		C5B1D3534E8CBF164FAF35A4 /* DailyEntry.swift in Sources */ = {isa = PBXBuildFile; fileRef = C1C9AF04DCF6EB18A19DBCC3 /* DailyEntry.swift */; };
		AAAA0004AAAA0004AAAA0004 /* EnergyPath.swift in Sources */ = {isa = PBXBuildFile; fileRef = BBBB0004BBBB0004BBBB0004 /* EnergyPath.swift */; };
		AAAA0001AAAA0001AAAA0001 /* FirstWinGoal.swift in Sources */ = {isa = PBXBuildFile; fileRef = BBBB0001BBBB0001BBBB0001 /* FirstWinGoal.swift */; };
		AAAA0002AAAA0002AAAA0002 /* FirstWinPickView.swift in Sources */ = {isa = PBXBuildFile; fileRef = BBBB0002BBBB0002BBBB0002 /* FirstWinPickView.swift */; };
		AAAA0003AAAA0003AAAA0003 /* MyWinsView.swift in Sources */ = {isa = PBXBuildFile; fileRef = BBBB0003BBBB0003BBBB0003 /* MyWinsView.swift */; };
		AA0100A1AA0100A1AA0100A1 /* WakeActivityAttributes.swift in Sources */ = {isa = PBXBuildFile; fileRef = AA0100B1AA0100B1AA0100B1 /* WakeActivityAttributes.swift */; };
		AA0100A2AA0100A2AA0100A2 /* WakeActivityAttributes.swift in Sources */ = {isa = PBXBuildFile; fileRef = AA0100B1AA0100B1AA0100B1 /* WakeActivityAttributes.swift */; };
		AA0200A1AA0200A1AA0200A1 /* WakeActivityController.swift in Sources */ = {isa = PBXBuildFile; fileRef = AA0200B1AA0200B1AA0200B1 /* WakeActivityController.swift */; };
		AA0300A1AA0300A1AA0300A1 /* WakeAudioPlayer.swift in Sources */ = {isa = PBXBuildFile; fileRef = AA0300B1AA0300B1AA0300B1 /* WakeAudioPlayer.swift */; };
		B8E56E6DAB477C3A18BB8D32 /* FlowCheckout.swift in Sources */ = {isa = PBXBuildFile; fileRef = 994A8859593319D38DDDC630 /* FlowCheckout.swift */; };
		034CAE7020A957B9DB2D2096 /* InsightEngine.swift in Sources */ = {isa = PBXBuildFile; fileRef = 8C1B2A8189325BE5AB555213 /* InsightEngine.swift */; };
		59D0B28DB7156ED5107F8749 /* MantraEngine.swift in Sources */ = {isa = PBXBuildFile; fileRef = 21CBA95398AF7597EEB97CDE /* MantraEngine.swift */; };
		BD71C494DC51348CA84C57D0 /* MantraLibrary.swift in Sources */ = {isa = PBXBuildFile; fileRef = B9AC9732D7821675AD4B41F5 /* MantraLibrary.swift */; };
		E4113534A2D766D5AB475C7A /* MobilityFlow.swift in Sources */ = {isa = PBXBuildFile; fileRef = 10972D0D1D8EDAA445C860E7 /* MobilityFlow.swift */; };
		9F424CE148CBF51277D7F45D /* MobilityLibrary.swift in Sources */ = {isa = PBXBuildFile; fileRef = 346CCDAED0357991D89A373C /* MobilityLibrary.swift */; };
		9A6F860333674828A55EC7AF /* PatternReader.swift in Sources */ = {isa = PBXBuildFile; fileRef = 2FBECDF6045C1F262F2BEFD3 /* PatternReader.swift */; };
		64B0FB4429BD896D3559AC82 /* WakeSchedule.swift in Sources */ = {isa = PBXBuildFile; fileRef = 541EB371185550E3BF46AD7B /* WakeSchedule.swift */; };
		88902A7F3266F931EF61C331 /* AIInsightCardView.swift in Sources */ = {isa = PBXBuildFile; fileRef = 618F5EB51397741FCC8E9619 /* AIInsightCardView.swift */; };
		A90F2D041FD884A84461E456 /* AboutView.swift in Sources */ = {isa = PBXBuildFile; fileRef = 2C588E2D1855DFA975EA1393 /* AboutView.swift */; };
		2D25D3C21AA49AC73AAF3153 /* CycleCompleteView.swift in Sources */ = {isa = PBXBuildFile; fileRef = 185284A57784993148A1E485 /* CycleCompleteView.swift */; };
		BC732108F90C47ED2484355D /* FeedbackView.swift in Sources */ = {isa = PBXBuildFile; fileRef = 573A498E106812943115E450 /* FeedbackView.swift */; };
		F7152DD3761B4BCE67849C12 /* FlowCheckoutView.swift in Sources */ = {isa = PBXBuildFile; fileRef = C0A0F24F463D78D4267583AF /* FlowCheckoutView.swift */; };
		6F3BC978ACEFCFEFAC8EFAAA /* GuidedPauseView.swift in Sources */ = {isa = PBXBuildFile; fileRef = 710FA8BAD2524394D80A889C /* GuidedPauseView.swift */; };
		3214155B6FAAFAA454CAABE1 /* InsightPreviewView.swift in Sources */ = {isa = PBXBuildFile; fileRef = 9307A7878C0E116E1FF3AF2D /* InsightPreviewView.swift */; };
		83AB5A8E12FBA99D5E52B042 /* MobilityFlowView.swift in Sources */ = {isa = PBXBuildFile; fileRef = 0F5C210A44BAE0FEE2E8200D /* MobilityFlowView.swift */; };
		D5E09515702BD293497FDCBD /* MorningSoundView.swift in Sources */ = {isa = PBXBuildFile; fileRef = 46308241E9A99F0437D2A443 /* MorningSoundView.swift */; };
		08E770B1558DC53AE9F0FE1F /* MoveView.swift in Sources */ = {isa = PBXBuildFile; fileRef = 0B71A13B94D0692EA82FC7C2 /* MoveView.swift */; };
		5A1F0D1ABBC031E59345140A /* OnboardingView.swift in Sources */ = {isa = PBXBuildFile; fileRef = 65CCC5470C4387B040313530 /* OnboardingView.swift */; };
		AE1D54C4BFF96D4D8AF83020 /* PaywallView.swift in Sources */ = {isa = PBXBuildFile; fileRef = D18689358EE807FE55E4B3BE /* PaywallView.swift */; };
		F2E212D759C0E707272E9607 /* ScheduleSetupView.swift in Sources */ = {isa = PBXBuildFile; fileRef = 34880A755AE7026BBBC54971 /* ScheduleSetupView.swift */; };
		539BA6AC552A64382C0C6099 /* StickFigureView.swift in Sources */ = {isa = PBXBuildFile; fileRef = E0349C96A93791912A77076A /* StickFigureView.swift */; };
		E855C84D9CF9995F874F5F04 /* WeeklyAffirmationView.swift in Sources */ = {isa = PBXBuildFile; fileRef = 96E8CEC7CB45DBBD52FA0D3D /* WeeklyAffirmationView.swift */; };
		051083B605FCF7A2461C6742 /* WinView.swift in Sources */ = {isa = PBXBuildFile; fileRef = CC9DE0EB608AC989B90A7E43 /* WinView.swift */; };
		B1C2D3E4F5061122B1C2D3E4 /* StreakStripView.swift in Sources */ = {isa = PBXBuildFile; fileRef = A1B2C3D4E5F60011A1B2C3D4 /* StreakStripView.swift */; };
		D1E2F3A4B5C60011D1E2F3A4 /* MorningPagesStore.swift in Sources */ = {isa = PBXBuildFile; fileRef = C1D2E3F4A5B60011C1D2E3F4 /* MorningPagesStore.swift */; };
		F1A2B3C4D5E60011F1A2B3C4 /* MonthlyStoryEngine.swift in Sources */ = {isa = PBXBuildFile; fileRef = E1F2A3B4C5D60011E1F2A3B4 /* MonthlyStoryEngine.swift */; };
		B2C3D4E5F6A70011B2C3D4E5 /* BreathResetView.swift in Sources */ = {isa = PBXBuildFile; fileRef = A2B3C4D5E6F70011A2B3C4D5 /* BreathResetView.swift */; };
		D2E3F4A5B6C70011D2E3F4A5 /* MorningPagesView.swift in Sources */ = {isa = PBXBuildFile; fileRef = C2D3E4F5A6B70011C2D3E4F5 /* MorningPagesView.swift */; };
		F2A3B4C5D6E70011F2A3B4C5 /* MonthlyStoryView.swift in Sources */ = {isa = PBXBuildFile; fileRef = E2F3A4B5C6D70011E2F3A4B5 /* MonthlyStoryView.swift */; };
		B3C4D5E6F7A80011B3C4D5E6 /* PremiumHubView.swift in Sources */ = {isa = PBXBuildFile; fileRef = A3B4C5D6E7F80011A3B4C5D6 /* PremiumHubView.swift */; };
		CC100002CC100002CC100002 /* MorningResetWidget.appex in Embed Foundation Extensions */ = {isa = PBXBuildFile; fileRef = CC100001CC100001CC100001 /* MorningResetWidget.appex */; settings = {ATTRIBUTES = (RemoveHeadersOnCopy, ); }; };
		CC100005CC100005CC100005 /* MorningResetWidget.swift in Sources */ = {isa = PBXBuildFile; fileRef = CC100004CC100004CC100004 /* MorningResetWidget.swift */; };
		CC100012CC100012CC100012 /* WidgetKit.framework in Frameworks */ = {isa = PBXBuildFile; fileRef = CC100011CC100011CC100011 /* WidgetKit.framework */; };
/* End PBXBuildFile section */

/* Begin PBXCopyFilesBuildPhase section */
		CC10000ACC10000ACC10000A /* Embed Foundation Extensions */ = {
			isa = PBXCopyFilesBuildPhase;
			buildActionMask = 2147483647;
			dstPath = "";
			dstSubfolderSpec = 13;
			files = (
				CC100002CC100002CC100002 /* MorningResetWidget.appex in Embed Foundation Extensions */,
			);
			name = "Embed Foundation Extensions";
			runOnlyForDeploymentPostprocessing = 0;
		};
/* End PBXCopyFilesBuildPhase section */

/* Begin PBXContainerItemProxy section */
		CC10000FCC10000FCC10000F /* PBXContainerItemProxy */ = {
			isa = PBXContainerItemProxy;
			containerPortal = F3CDF1252F79C31A005E6880 /* Project object */;
			proxyType = 1;
			remoteGlobalIDString = CC10000BCC10000BCC10000B;
			remoteInfo = MorningResetWidget;
		};
		F3CDF13B2F79C31C005E6880 /* PBXContainerItemProxy */ = {
			isa = PBXContainerItemProxy;
			containerPortal = F3CDF1252F79C31A005E6880 /* Project object */;
			proxyType = 1;
			remoteGlobalIDString = F3CDF12C2F79C31A005E6880;
			remoteInfo = MorningReset;
		};
		F3CDF1452F79C31C005E6880 /* PBXContainerItemProxy */ = {
			isa = PBXContainerItemProxy;
			containerPortal = F3CDF1252F79C31A005E6880 /* Project object */;
			proxyType = 1;
			remoteGlobalIDString = F3CDF12C2F79C31A005E6880;
			remoteInfo = MorningReset;
		};
/* End PBXContainerItemProxy section */

/* Begin PBXFileReference section */
		F3CDF12D2F79C31A005E6880 /* MorningReset.app */ = {isa = PBXFileReference; explicitFileType = wrapper.application; includeInIndex = 0; path = MorningReset.app; sourceTree = BUILT_PRODUCTS_DIR; };
		F3CDF13A2F79C31C005E6880 /* MorningResetTests.xctest */ = {isa = PBXFileReference; explicitFileType = wrapper.cfbundle; includeInIndex = 0; path = MorningResetTests.xctest; sourceTree = BUILT_PRODUCTS_DIR; };
		F3CDF1442F79C31C005E6880 /* MorningResetUITests.xctest */ = {isa = PBXFileReference; explicitFileType = wrapper.cfbundle; includeInIndex = 0; path = MorningResetUITests.xctest; sourceTree = BUILT_PRODUCTS_DIR; };
		F3CDF1572F79C565005E6880 /* MorningResetApp.swift */ = {isa = PBXFileReference; lastKnownFileType = sourcecode.swift; path = MorningResetApp.swift; sourceTree = "<group>"; };
		F3CDF1582F79C565005E6880 /* RootView.swift */ = {isa = PBXFileReference; lastKnownFileType = sourcecode.swift; path = RootView.swift; sourceTree = "<group>"; };
		F3CDF15A2F79C565005E6880 /* MorningData.swift */ = {isa = PBXFileReference; lastKnownFileType = sourcecode.swift; path = MorningData.swift; sourceTree = "<group>"; };
		F3CDF15C2F79C565005E6880 /* ActionView.swift */ = {isa = PBXFileReference; lastKnownFileType = sourcecode.swift; path = ActionView.swift; sourceTree = "<group>"; };
		F3CDF15D2F79C565005E6880 /* AlarmView.swift */ = {isa = PBXFileReference; lastKnownFileType = sourcecode.swift; path = AlarmView.swift; sourceTree = "<group>"; };
		F3CDF15E2F79C565005E6880 /* QuizView.swift */ = {isa = PBXFileReference; lastKnownFileType = sourcecode.swift; path = QuizView.swift; sourceTree = "<group>"; };
		F3CDF15F2F79C565005E6880 /* ResultsView.swift */ = {isa = PBXFileReference; lastKnownFileType = sourcecode.swift; path = ResultsView.swift; sourceTree = "<group>"; };
		F3CDF1612F79C565005E6880 /* AppState.swift */ = {isa = PBXFileReference; lastKnownFileType = sourcecode.swift; path = AppState.swift; sourceTree = "<group>"; };
		8B68FE6EEEE7FFFD5666EF7E /* UserDefaultsKeys.swift */ = {isa = PBXFileReference; lastKnownFileType = sourcecode.swift; path = UserDefaultsKeys.swift; sourceTree = "<group>"; };
		F1A852C3A47BC367E2BDD567 /* AppState+Premium.swift */ = {isa = PBXFileReference; lastKnownFileType = sourcecode.swift; path = "AppState+Premium.swift"; sourceTree = "<group>"; };
		C55D4C0E32823ED45264C056 /* AppState+Mobility.swift */ = {isa = PBXFileReference; lastKnownFileType = sourcecode.swift; path = "AppState+Mobility.swift"; sourceTree = "<group>"; };
		3381C3DE1FDC5C24134AA50B /* SoundLibrary.swift */ = {isa = PBXFileReference; lastKnownFileType = sourcecode.swift; path = SoundLibrary.swift; sourceTree = "<group>"; };
		99257E9B40648C7BA1370841 /* MorningData+TR.swift */ = {isa = PBXFileReference; lastKnownFileType = sourcecode.swift; path = "MorningData+TR.swift"; sourceTree = "<group>"; };
		F87D5C00FF8A570E1817D8C4 /* MorningData+ES.swift */ = {isa = PBXFileReference; lastKnownFileType = sourcecode.swift; path = "MorningData+ES.swift"; sourceTree = "<group>"; };
		40266B3C5FF1706AAB78F604 /* Localizable.xcstrings */ = {isa = PBXFileReference; lastKnownFileType = text.json.xcstrings; path = Localizable.xcstrings; sourceTree = "<group>"; };
		4B58194D486A8F65C7E7686A /* AlarmEntryRouter.swift */ = {isa = PBXFileReference; lastKnownFileType = sourcecode.swift; path = "AlarmEntryRouter.swift"; sourceTree = "<group>"; };
		5EE9BEFCC32F315BFAD122C0 /* DesignSystem.swift */ = {isa = PBXFileReference; lastKnownFileType = sourcecode.swift; path = "DesignSystem.swift"; sourceTree = "<group>"; };
		B0594CAEFBF4FD2AA0C92F45 /* Strings.swift */ = {isa = PBXFileReference; lastKnownFileType = sourcecode.swift; path = "Strings.swift"; sourceTree = "<group>"; };
		A60D85B9A7E3267D147C1DC6 /* AIInsightModels.swift */ = {isa = PBXFileReference; lastKnownFileType = sourcecode.swift; path = "AIInsightModels.swift"; sourceTree = "<group>"; };
		D84C25D9DB22AE4C05B7A283 /* AIInsightPromptBuilder.swift */ = {isa = PBXFileReference; lastKnownFileType = sourcecode.swift; path = "AIInsightPromptBuilder.swift"; sourceTree = "<group>"; };
		7316F8507BCB228F0D0CB8CC /* AIInsightService.swift */ = {isa = PBXFileReference; lastKnownFileType = sourcecode.swift; path = "AIInsightService.swift"; sourceTree = "<group>"; };
		DCABB07C5CE08961DD97FF5F /* ActionContent.swift */ = {isa = PBXFileReference; lastKnownFileType = sourcecode.swift; path = "ActionContent.swift"; sourceTree = "<group>"; };
		E2FF39BF9CEA3C903F5184B6 /* AlarmBackend.swift */ = {isa = PBXFileReference; lastKnownFileType = sourcecode.swift; path = "AlarmBackend.swift"; sourceTree = "<group>"; };
		0D1DA9A656994DA5BEB6730C /* AlarmScheduler.swift */ = {isa = PBXFileReference; lastKnownFileType = sourcecode.swift; path = "AlarmScheduler.swift"; sourceTree = "<group>"; };
		C1C9AF04DCF6EB18A19DBCC3 /* DailyEntry.swift */ = {isa = PBXFileReference; lastKnownFileType = sourcecode.swift; path = "DailyEntry.swift"; sourceTree = "<group>"; };
		BBBB0004BBBB0004BBBB0004 /* EnergyPath.swift */ = {isa = PBXFileReference; lastKnownFileType = sourcecode.swift; path = "EnergyPath.swift"; sourceTree = "<group>"; };
		BBBB0001BBBB0001BBBB0001 /* FirstWinGoal.swift */ = {isa = PBXFileReference; lastKnownFileType = sourcecode.swift; path = "FirstWinGoal.swift"; sourceTree = "<group>"; };
		BBBB0002BBBB0002BBBB0002 /* FirstWinPickView.swift */ = {isa = PBXFileReference; lastKnownFileType = sourcecode.swift; path = "FirstWinPickView.swift"; sourceTree = "<group>"; };
		BBBB0003BBBB0003BBBB0003 /* MyWinsView.swift */ = {isa = PBXFileReference; lastKnownFileType = sourcecode.swift; path = "MyWinsView.swift"; sourceTree = "<group>"; };
		AA0100B1AA0100B1AA0100B1 /* WakeActivityAttributes.swift */ = {isa = PBXFileReference; lastKnownFileType = sourcecode.swift; path = "WakeActivityAttributes.swift"; sourceTree = "<group>"; };
		AA0200B1AA0200B1AA0200B1 /* WakeActivityController.swift */ = {isa = PBXFileReference; lastKnownFileType = sourcecode.swift; path = "WakeActivityController.swift"; sourceTree = "<group>"; };
		AA0300B1AA0300B1AA0300B1 /* WakeAudioPlayer.swift */ = {isa = PBXFileReference; lastKnownFileType = sourcecode.swift; path = "WakeAudioPlayer.swift"; sourceTree = "<group>"; };
		994A8859593319D38DDDC630 /* FlowCheckout.swift */ = {isa = PBXFileReference; lastKnownFileType = sourcecode.swift; path = "FlowCheckout.swift"; sourceTree = "<group>"; };
		8C1B2A8189325BE5AB555213 /* InsightEngine.swift */ = {isa = PBXFileReference; lastKnownFileType = sourcecode.swift; path = "InsightEngine.swift"; sourceTree = "<group>"; };
		21CBA95398AF7597EEB97CDE /* MantraEngine.swift */ = {isa = PBXFileReference; lastKnownFileType = sourcecode.swift; path = "MantraEngine.swift"; sourceTree = "<group>"; };
		B9AC9732D7821675AD4B41F5 /* MantraLibrary.swift */ = {isa = PBXFileReference; lastKnownFileType = sourcecode.swift; path = "MantraLibrary.swift"; sourceTree = "<group>"; };
		10972D0D1D8EDAA445C860E7 /* MobilityFlow.swift */ = {isa = PBXFileReference; lastKnownFileType = sourcecode.swift; path = "MobilityFlow.swift"; sourceTree = "<group>"; };
		346CCDAED0357991D89A373C /* MobilityLibrary.swift */ = {isa = PBXFileReference; lastKnownFileType = sourcecode.swift; path = "MobilityLibrary.swift"; sourceTree = "<group>"; };
		2FBECDF6045C1F262F2BEFD3 /* PatternReader.swift */ = {isa = PBXFileReference; lastKnownFileType = sourcecode.swift; path = "PatternReader.swift"; sourceTree = "<group>"; };
		541EB371185550E3BF46AD7B /* WakeSchedule.swift */ = {isa = PBXFileReference; lastKnownFileType = sourcecode.swift; path = "WakeSchedule.swift"; sourceTree = "<group>"; };
		618F5EB51397741FCC8E9619 /* AIInsightCardView.swift */ = {isa = PBXFileReference; lastKnownFileType = sourcecode.swift; path = "AIInsightCardView.swift"; sourceTree = "<group>"; };
		2C588E2D1855DFA975EA1393 /* AboutView.swift */ = {isa = PBXFileReference; lastKnownFileType = sourcecode.swift; path = "AboutView.swift"; sourceTree = "<group>"; };
		185284A57784993148A1E485 /* CycleCompleteView.swift */ = {isa = PBXFileReference; lastKnownFileType = sourcecode.swift; path = "CycleCompleteView.swift"; sourceTree = "<group>"; };
		573A498E106812943115E450 /* FeedbackView.swift */ = {isa = PBXFileReference; lastKnownFileType = sourcecode.swift; path = "FeedbackView.swift"; sourceTree = "<group>"; };
		C0A0F24F463D78D4267583AF /* FlowCheckoutView.swift */ = {isa = PBXFileReference; lastKnownFileType = sourcecode.swift; path = "FlowCheckoutView.swift"; sourceTree = "<group>"; };
		710FA8BAD2524394D80A889C /* GuidedPauseView.swift */ = {isa = PBXFileReference; lastKnownFileType = sourcecode.swift; path = "GuidedPauseView.swift"; sourceTree = "<group>"; };
		9307A7878C0E116E1FF3AF2D /* InsightPreviewView.swift */ = {isa = PBXFileReference; lastKnownFileType = sourcecode.swift; path = "InsightPreviewView.swift"; sourceTree = "<group>"; };
		0F5C210A44BAE0FEE2E8200D /* MobilityFlowView.swift */ = {isa = PBXFileReference; lastKnownFileType = sourcecode.swift; path = "MobilityFlowView.swift"; sourceTree = "<group>"; };
		46308241E9A99F0437D2A443 /* MorningSoundView.swift */ = {isa = PBXFileReference; lastKnownFileType = sourcecode.swift; path = "MorningSoundView.swift"; sourceTree = "<group>"; };
		0B71A13B94D0692EA82FC7C2 /* MoveView.swift */ = {isa = PBXFileReference; lastKnownFileType = sourcecode.swift; path = "MoveView.swift"; sourceTree = "<group>"; };
		65CCC5470C4387B040313530 /* OnboardingView.swift */ = {isa = PBXFileReference; lastKnownFileType = sourcecode.swift; path = "OnboardingView.swift"; sourceTree = "<group>"; };
		D18689358EE807FE55E4B3BE /* PaywallView.swift */ = {isa = PBXFileReference; lastKnownFileType = sourcecode.swift; path = "PaywallView.swift"; sourceTree = "<group>"; };
		34880A755AE7026BBBC54971 /* ScheduleSetupView.swift */ = {isa = PBXFileReference; lastKnownFileType = sourcecode.swift; path = "ScheduleSetupView.swift"; sourceTree = "<group>"; };
		E0349C96A93791912A77076A /* StickFigureView.swift */ = {isa = PBXFileReference; lastKnownFileType = sourcecode.swift; path = "StickFigureView.swift"; sourceTree = "<group>"; };
		96E8CEC7CB45DBBD52FA0D3D /* WeeklyAffirmationView.swift */ = {isa = PBXFileReference; lastKnownFileType = sourcecode.swift; path = "WeeklyAffirmationView.swift"; sourceTree = "<group>"; };
		CC9DE0EB608AC989B90A7E43 /* WinView.swift */ = {isa = PBXFileReference; lastKnownFileType = sourcecode.swift; path = "WinView.swift"; sourceTree = "<group>"; };
		A1B2C3D4E5F60011A1B2C3D4 /* StreakStripView.swift */ = {isa = PBXFileReference; lastKnownFileType = sourcecode.swift; path = StreakStripView.swift; sourceTree = "<group>"; };
		C1D2E3F4A5B60011C1D2E3F4 /* MorningPagesStore.swift */ = {isa = PBXFileReference; lastKnownFileType = sourcecode.swift; path = MorningPagesStore.swift; sourceTree = "<group>"; };
		E1F2A3B4C5D60011E1F2A3B4 /* MonthlyStoryEngine.swift */ = {isa = PBXFileReference; lastKnownFileType = sourcecode.swift; path = MonthlyStoryEngine.swift; sourceTree = "<group>"; };
		A2B3C4D5E6F70011A2B3C4D5 /* BreathResetView.swift */ = {isa = PBXFileReference; lastKnownFileType = sourcecode.swift; path = BreathResetView.swift; sourceTree = "<group>"; };
		C2D3E4F5A6B70011C2D3E4F5 /* MorningPagesView.swift */ = {isa = PBXFileReference; lastKnownFileType = sourcecode.swift; path = MorningPagesView.swift; sourceTree = "<group>"; };
		E2F3A4B5C6D70011E2F3A4B5 /* MonthlyStoryView.swift */ = {isa = PBXFileReference; lastKnownFileType = sourcecode.swift; path = MonthlyStoryView.swift; sourceTree = "<group>"; };
		A3B4C5D6E7F80011A3B4C5D6 /* PremiumHubView.swift */ = {isa = PBXFileReference; lastKnownFileType = sourcecode.swift; path = PremiumHubView.swift; sourceTree = "<group>"; };
		CC100001CC100001CC100001 /* MorningResetWidget.appex */ = {isa = PBXFileReference; explicitFileType = "wrapper.app-extension"; includeInIndex = 0; path = MorningResetWidget.appex; sourceTree = BUILT_PRODUCTS_DIR; };
		CC100004CC100004CC100004 /* MorningResetWidget.swift */ = {isa = PBXFileReference; lastKnownFileType = sourcecode.swift; path = MorningResetWidget.swift; sourceTree = "<group>"; };
		CC100006CC100006CC100006 /* MorningResetWidget.entitlements */ = {isa = PBXFileReference; lastKnownFileType = text.plist.entitlements; path = MorningResetWidget.entitlements; sourceTree = "<group>"; };
		CC100011CC100011CC100011 /* WidgetKit.framework */ = {isa = PBXFileReference; lastKnownFileType = wrapper.framework; name = WidgetKit.framework; path = System/Library/Frameworks/WidgetKit.framework; sourceTree = SDKROOT; };
		CC100013CC100013CC100013 /* Info.plist */ = {isa = PBXFileReference; lastKnownFileType = text.plist.xml; path = Info.plist; sourceTree = "<group>"; };
/* End PBXFileReference section */

/* Begin PBXFileSystemSynchronizedBuildFileExceptionSet section */
		A1B2C3D4E5F67890A1B2C3D4 /* MorningReset */ = {
			isa = PBXFileSystemSynchronizedBuildFileExceptionSet;
			membershipExceptions = (
				Info.plist,
			);
			target = F3CDF12C2F79C31A005E6880 /* MorningReset */;
		};
/* End PBXFileSystemSynchronizedBuildFileExceptionSet section */

/* Begin PBXFileSystemSynchronizedRootGroup section */
		F3CDF12F2F79C31A005E6880 /* MorningReset */ = {
			isa = PBXFileSystemSynchronizedRootGroup;
			exceptions = (
				A1B2C3D4E5F67890A1B2C3D4 /* MorningReset */,
			);
			path = MorningReset;
			sourceTree = "<group>";
		};
		F3CDF13D2F79C31C005E6880 /* MorningResetTests */ = {
			isa = PBXFileSystemSynchronizedRootGroup;
			path = MorningResetTests;
			sourceTree = "<group>";
		};
		F3CDF1472F79C31C005E6880 /* MorningResetUITests */ = {
			isa = PBXFileSystemSynchronizedRootGroup;
			path = MorningResetUITests;
			sourceTree = "<group>";
		};
/* End PBXFileSystemSynchronizedRootGroup section */

/* Begin PBXFrameworksBuildPhase section */
		F3CDF12A2F79C31A005E6880 /* Frameworks */ = {
			isa = PBXFrameworksBuildPhase;
			buildActionMask = 2147483647;
			files = (
			);
			runOnlyForDeploymentPostprocessing = 0;
		};
		F3CDF1372F79C31C005E6880 /* Frameworks */ = {
			isa = PBXFrameworksBuildPhase;
			buildActionMask = 2147483647;
			files = (
			);
			runOnlyForDeploymentPostprocessing = 0;
		};
		F3CDF1412F79C31C005E6880 /* Frameworks */ = {
			isa = PBXFrameworksBuildPhase;
			buildActionMask = 2147483647;
			files = (
			);
			runOnlyForDeploymentPostprocessing = 0;
		};
		CC100008CC100008CC100008 /* Frameworks */ = {
			isa = PBXFrameworksBuildPhase;
			buildActionMask = 2147483647;
			files = (
				CC100012CC100012CC100012 /* WidgetKit.framework in Frameworks */,
			);
			runOnlyForDeploymentPostprocessing = 0;
		};
/* End PBXFrameworksBuildPhase section */

/* Begin PBXGroup section */
		F3CDF1242F79C31A005E6880 = {
			isa = PBXGroup;
			children = (
				F3CDF1592F79C565005E6880 /* App */,
				F3CDF15B2F79C565005E6880 /* Data */,
				4490B27858949C58B51BB59F /* Resources */,
				F3CDF1602F79C565005E6880 /* Screens */,
				F3CDF1622F79C565005E6880 /* State */,
				CC100003CC100003CC100003 /* Widget */,
				F3CDF12F2F79C31A005E6880 /* MorningReset */,
				F3CDF13D2F79C31C005E6880 /* MorningResetTests */,
				F3CDF1472F79C31C005E6880 /* MorningResetUITests */,
				F3CDF12E2F79C31A005E6880 /* Products */,
			);
			sourceTree = "<group>";
		};
		F3CDF12E2F79C31A005E6880 /* Products */ = {
			isa = PBXGroup;
			children = (
				F3CDF12D2F79C31A005E6880 /* MorningReset.app */,
				F3CDF13A2F79C31C005E6880 /* MorningResetTests.xctest */,
				F3CDF1442F79C31C005E6880 /* MorningResetUITests.xctest */,
				CC100001CC100001CC100001 /* MorningResetWidget.appex */,
			);
			name = Products;
			sourceTree = "<group>";
		};
		CC100003CC100003CC100003 /* Widget */ = {
			isa = PBXGroup;
			children = (
				CC100004CC100004CC100004 /* MorningResetWidget.swift */,
				CC100006CC100006CC100006 /* MorningResetWidget.entitlements */,
				CC100013CC100013CC100013 /* Info.plist */,
			);
			path = Widget;
			sourceTree = "<group>";
		};
		F3CDF1592F79C565005E6880 /* App */ = {
			isa = PBXGroup;
			children = (
				4B58194D486A8F65C7E7686A /* AlarmEntryRouter.swift */,
				5EE9BEFCC32F315BFAD122C0 /* DesignSystem.swift */,
				F3CDF1572F79C565005E6880 /* MorningResetApp.swift */,
				F3CDF1582F79C565005E6880 /* RootView.swift */,
				B0594CAEFBF4FD2AA0C92F45 /* Strings.swift */,
			);
			path = App;
			sourceTree = "<group>";
		};
		F3CDF15B2F79C565005E6880 /* Data */ = {
			isa = PBXGroup;
			children = (
				DCABB07C5CE08961DD97FF5F /* ActionContent.swift */,
				A60D85B9A7E3267D147C1DC6 /* AIInsightModels.swift */,
				D84C25D9DB22AE4C05B7A283 /* AIInsightPromptBuilder.swift */,
				7316F8507BCB228F0D0CB8CC /* AIInsightService.swift */,
				E2FF39BF9CEA3C903F5184B6 /* AlarmBackend.swift */,
				0D1DA9A656994DA5BEB6730C /* AlarmScheduler.swift */,
				C1C9AF04DCF6EB18A19DBCC3 /* DailyEntry.swift */,
				BBBB0004BBBB0004BBBB0004 /* EnergyPath.swift */,
				BBBB0001BBBB0001BBBB0001 /* FirstWinGoal.swift */,
				AA0100B1AA0100B1AA0100B1 /* WakeActivityAttributes.swift */,
				AA0200B1AA0200B1AA0200B1 /* WakeActivityController.swift */,
				AA0300B1AA0300B1AA0300B1 /* WakeAudioPlayer.swift */,
				994A8859593319D38DDDC630 /* FlowCheckout.swift */,
				8C1B2A8189325BE5AB555213 /* InsightEngine.swift */,
				21CBA95398AF7597EEB97CDE /* MantraEngine.swift */,
				B9AC9732D7821675AD4B41F5 /* MantraLibrary.swift */,
				10972D0D1D8EDAA445C860E7 /* MobilityFlow.swift */,
				346CCDAED0357991D89A373C /* MobilityLibrary.swift */,
				F3CDF15A2F79C565005E6880 /* MorningData.swift */,
				99257E9B40648C7BA1370841 /* MorningData+ES.swift */,
				F87D5C00FF8A570E1817D8C4 /* MorningData+TR.swift */,
				2FBECDF6045C1F262F2BEFD3 /* PatternReader.swift */,
				3381C3DE1FDC5C24134AA50B /* SoundLibrary.swift */,
				541EB371185550E3BF46AD7B /* WakeSchedule.swift */,
				C1D2E3F4A5B60011C1D2E3F4 /* MorningPagesStore.swift */,
				E1F2A3B4C5D60011E1F2A3B4 /* MonthlyStoryEngine.swift */,
			);
			path = Data;
			sourceTree = "<group>";
		};
		F3CDF1602F79C565005E6880 /* Screens */ = {
			isa = PBXGroup;
			children = (
				2C588E2D1855DFA975EA1393 /* AboutView.swift */,
				F3CDF15C2F79C565005E6880 /* ActionView.swift */,
				BBBB0002BBBB0002BBBB0002 /* FirstWinPickView.swift */,
				BBBB0003BBBB0003BBBB0003 /* MyWinsView.swift */,
				618F5EB51397741FCC8E9619 /* AIInsightCardView.swift */,
				F3CDF15D2F79C565005E6880 /* AlarmView.swift */,
				185284A57784993148A1E485 /* CycleCompleteView.swift */,
				573A498E106812943115E450 /* FeedbackView.swift */,
				C0A0F24F463D78D4267583AF /* FlowCheckoutView.swift */,
				710FA8BAD2524394D80A889C /* GuidedPauseView.swift */,
				9307A7878C0E116E1FF3AF2D /* InsightPreviewView.swift */,
				0F5C210A44BAE0FEE2E8200D /* MobilityFlowView.swift */,
				46308241E9A99F0437D2A443 /* MorningSoundView.swift */,
				0B71A13B94D0692EA82FC7C2 /* MoveView.swift */,
				65CCC5470C4387B040313530 /* OnboardingView.swift */,
				D18689358EE807FE55E4B3BE /* PaywallView.swift */,
				F3CDF15E2F79C565005E6880 /* QuizView.swift */,
				F3CDF15F2F79C565005E6880 /* ResultsView.swift */,
				34880A755AE7026BBBC54971 /* ScheduleSetupView.swift */,
				E0349C96A93791912A77076A /* StickFigureView.swift */,
				96E8CEC7CB45DBBD52FA0D3D /* WeeklyAffirmationView.swift */,
				CC9DE0EB608AC989B90A7E43 /* WinView.swift */,
				A1B2C3D4E5F60011A1B2C3D4 /* StreakStripView.swift */,
				A2B3C4D5E6F70011A2B3C4D5 /* BreathResetView.swift */,
				C2D3E4F5A6B70011C2D3E4F5 /* MorningPagesView.swift */,
				E2F3A4B5C6D70011E2F3A4B5 /* MonthlyStoryView.swift */,
				A3B4C5D6E7F80011A3B4C5D6 /* PremiumHubView.swift */,
			);
			path = Screens;
			sourceTree = "<group>";
		};
		F3CDF1622F79C565005E6880 /* State */ = {
			isa = PBXGroup;
			children = (
				F3CDF1612F79C565005E6880 /* AppState.swift */,
				F1A852C3A47BC367E2BDD567 /* AppState+Premium.swift */,
				C55D4C0E32823ED45264C056 /* AppState+Mobility.swift */,
				8B68FE6EEEE7FFFD5666EF7E /* UserDefaultsKeys.swift */,
			);
			path = State;
			sourceTree = "<group>";
		};
		4490B27858949C58B51BB59F /* Resources */ = {
			isa = PBXGroup;
			children = (
				40266B3C5FF1706AAB78F604 /* Localizable.xcstrings */,
			);
			path = Resources;
			sourceTree = "<group>";
		};
/* End PBXGroup section */

/* Begin PBXNativeTarget section */
		F3CDF12C2F79C31A005E6880 /* MorningReset */ = {
			isa = PBXNativeTarget;
			buildConfigurationList = F3CDF14E2F79C31C005E6880 /* Build configuration list for PBXNativeTarget "MorningReset" */;
			buildPhases = (
				F3CDF1292F79C31A005E6880 /* Sources */,
				F3CDF12A2F79C31A005E6880 /* Frameworks */,
				F3CDF12B2F79C31A005E6880 /* Resources */,
				CC10000ACC10000ACC10000A /* Embed Foundation Extensions */,
			);
			buildRules = (
			);
			dependencies = (
				CC100010CC100010CC100010 /* PBXTargetDependency */,
			);
			fileSystemSynchronizedGroups = (
				F3CDF12F2F79C31A005E6880 /* MorningReset */,
			);
			name = MorningReset;
			packageProductDependencies = (
			);
			productName = MorningReset;
			productReference = F3CDF12D2F79C31A005E6880 /* MorningReset.app */;
			productType = "com.apple.product-type.application";
		};
		F3CDF1392F79C31C005E6880 /* MorningResetTests */ = {
			isa = PBXNativeTarget;
			buildConfigurationList = F3CDF1512F79C31C005E6880 /* Build configuration list for PBXNativeTarget "MorningResetTests" */;
			buildPhases = (
				F3CDF1362F79C31C005E6880 /* Sources */,
				F3CDF1372F79C31C005E6880 /* Frameworks */,
				F3CDF1382F79C31C005E6880 /* Resources */,
			);
			buildRules = (
			);
			dependencies = (
				F3CDF13C2F79C31C005E6880 /* PBXTargetDependency */,
			);
			fileSystemSynchronizedGroups = (
				F3CDF13D2F79C31C005E6880 /* MorningResetTests */,
			);
			name = MorningResetTests;
			packageProductDependencies = (
			);
			productName = MorningResetTests;
			productReference = F3CDF13A2F79C31C005E6880 /* MorningResetTests.xctest */;
			productType = "com.apple.product-type.bundle.unit-test";
		};
		F3CDF1432F79C31C005E6880 /* MorningResetUITests */ = {
			isa = PBXNativeTarget;
			buildConfigurationList = F3CDF1542F79C31C005E6880 /* Build configuration list for PBXNativeTarget "MorningResetUITests" */;
			buildPhases = (
				F3CDF1402F79C31C005E6880 /* Sources */,
				F3CDF1412F79C31C005E6880 /* Frameworks */,
				F3CDF1422F79C31C005E6880 /* Resources */,
			);
			buildRules = (
			);
			dependencies = (
				F3CDF1462F79C31C005E6880 /* PBXTargetDependency */,
			);
			fileSystemSynchronizedGroups = (
				F3CDF1472F79C31C005E6880 /* MorningResetUITests */,
			);
			name = MorningResetUITests;
			packageProductDependencies = (
			);
			productName = MorningResetUITests;
			productReference = F3CDF1442F79C31C005E6880 /* MorningResetUITests.xctest */;
			productType = "com.apple.product-type.bundle.ui-testing";
		};
		CC10000BCC10000BCC10000B /* MorningResetWidget */ = {
			isa = PBXNativeTarget;
			buildConfigurationList = CC10000ECC10000ECC10000E /* Build configuration list for PBXNativeTarget "MorningResetWidget" */;
			buildPhases = (
				CC100007CC100007CC100007 /* Sources */,
				CC100008CC100008CC100008 /* Frameworks */,
				CC100009CC100009CC100009 /* Resources */,
			);
			buildRules = (
			);
			dependencies = (
			);
			name = MorningResetWidget;
			packageProductDependencies = (
			);
			productName = MorningResetWidget;
			productReference = CC100001CC100001CC100001 /* MorningResetWidget.appex */;
			productType = "com.apple.product-type.app-extension";
		};
/* End PBXNativeTarget section */

/* Begin PBXProject section */
		F3CDF1252F79C31A005E6880 /* Project object */ = {
			isa = PBXProject;
			attributes = {
				BuildIndependentTargetsInParallel = 1;
				LastSwiftUpdateCheck = 2640;
				LastUpgradeCheck = 2640;
				TargetAttributes = {
					F3CDF12C2F79C31A005E6880 = {
						CreatedOnToolsVersion = 26.4;
					};
					F3CDF1392F79C31C005E6880 = {
						CreatedOnToolsVersion = 26.4;
						TestTargetID = F3CDF12C2F79C31A005E6880;
					};
					F3CDF1432F79C31C005E6880 = {
						CreatedOnToolsVersion = 26.4;
						TestTargetID = F3CDF12C2F79C31A005E6880;
					};
					CC10000BCC10000BCC10000B = {
						CreatedOnToolsVersion = 26.4;
					};
				};
			};
			buildConfigurationList = F3CDF1282F79C31A005E6880 /* Build configuration list for PBXProject "MorningReset" */;
			developmentRegion = en;
			hasScannedForEncodings = 0;
			knownRegions = (
				en,
				Base,
			);
			mainGroup = F3CDF1242F79C31A005E6880;
			minimizedProjectReferenceProxies = 1;
			preferredProjectObjectVersion = 77;
			productRefGroup = F3CDF12E2F79C31A005E6880 /* Products */;
			projectDirPath = "";
			projectRoot = "";
			targets = (
				F3CDF12C2F79C31A005E6880 /* MorningReset */,
				F3CDF1392F79C31C005E6880 /* MorningResetTests */,
				F3CDF1432F79C31C005E6880 /* MorningResetUITests */,
				CC10000BCC10000BCC10000B /* MorningResetWidget */,
			);
		};
/* End PBXProject section */

/* Begin PBXResourcesBuildPhase section */
		F3CDF12B2F79C31A005E6880 /* Resources */ = {
			isa = PBXResourcesBuildPhase;
			buildActionMask = 2147483647;
			files = (
				9C1854EA9027E7C907E6709B /* Localizable.xcstrings in Resources */,
			);
			runOnlyForDeploymentPostprocessing = 0;
		};
		F3CDF1382F79C31C005E6880 /* Resources */ = {
			isa = PBXResourcesBuildPhase;
			buildActionMask = 2147483647;
			files = (
			);
			runOnlyForDeploymentPostprocessing = 0;
		};
		F3CDF1422F79C31C005E6880 /* Resources */ = {
			isa = PBXResourcesBuildPhase;
			buildActionMask = 2147483647;
			files = (
			);
			runOnlyForDeploymentPostprocessing = 0;
		};
		CC100009CC100009CC100009 /* Resources */ = {
			isa = PBXResourcesBuildPhase;
			buildActionMask = 2147483647;
			files = (
			);
			runOnlyForDeploymentPostprocessing = 0;
		};
/* End PBXResourcesBuildPhase section */

/* Begin PBXSourcesBuildPhase section */
		F3CDF1292F79C31A005E6880 /* Sources */ = {
			isa = PBXSourcesBuildPhase;
			buildActionMask = 2147483647;
			files = (
				F3CDF1632F79C565005E6880 /* MorningResetApp.swift in Sources */,
				F3CDF1642F79C565005E6880 /* QuizView.swift in Sources */,
				F3CDF1652F79C565005E6880 /* AppState.swift in Sources */,
				F3CDF1662F79C565005E6880 /* RootView.swift in Sources */,
				F3CDF1672F79C565005E6880 /* ResultsView.swift in Sources */,
				F3CDF1682F79C565005E6880 /* MorningData.swift in Sources */,
				F3CDF1692F79C565005E6880 /* ActionView.swift in Sources */,
				F3CDF16A2F79C565005E6880 /* AlarmView.swift in Sources */,
				497D03C6396D2A0C57CE9290 /* UserDefaultsKeys.swift in Sources */,
				2182FDB66C6BD87A70EED768 /* AppState+Premium.swift in Sources */,
				D8D19AACAF9BD232F9AA4AC8 /* AppState+Mobility.swift in Sources */,
				F3E866D3FBA108E56158C49F /* SoundLibrary.swift in Sources */,
				4CE73625533D929BDBA4B1CE /* MorningData+TR.swift in Sources */,
				F5B24C8A341BEB6337850AE4 /* MorningData+ES.swift in Sources */,
				5B9488E27D6DA7A6B3CC1B53 /* AlarmEntryRouter.swift in Sources */,
				38431A8B6890AEDE612C6469 /* DesignSystem.swift in Sources */,
				DE2640F6B123D0ADE1FAB210 /* Strings.swift in Sources */,
				11999F06565BFC1F20E45D58 /* AIInsightModels.swift in Sources */,
				44D72EE27CF8FF4E6C68FA30 /* AIInsightPromptBuilder.swift in Sources */,
				CBA1ACB313B576FA9253B940 /* AIInsightService.swift in Sources */,
				1553223E3B3B301E88173E51 /* ActionContent.swift in Sources */,
				B7994162D71BCBBA499FE1D2 /* AlarmBackend.swift in Sources */,
				5648B0B2015E698B8C14D680 /* AlarmScheduler.swift in Sources */,
				C5B1D3534E8CBF164FAF35A4 /* DailyEntry.swift in Sources */,
				AAAA0004AAAA0004AAAA0004 /* EnergyPath.swift in Sources */,
				AAAA0001AAAA0001AAAA0001 /* FirstWinGoal.swift in Sources */,
				AAAA0002AAAA0002AAAA0002 /* FirstWinPickView.swift in Sources */,
				AAAA0003AAAA0003AAAA0003 /* MyWinsView.swift in Sources */,
				AA0100A1AA0100A1AA0100A1 /* WakeActivityAttributes.swift in Sources */,
				AA0200A1AA0200A1AA0200A1 /* WakeActivityController.swift in Sources */,
				AA0300A1AA0300A1AA0300A1 /* WakeAudioPlayer.swift in Sources */,
				B8E56E6DAB477C3A18BB8D32 /* FlowCheckout.swift in Sources */,
				034CAE7020A957B9DB2D2096 /* InsightEngine.swift in Sources */,
				59D0B28DB7156ED5107F8749 /* MantraEngine.swift in Sources */,
				BD71C494DC51348CA84C57D0 /* MantraLibrary.swift in Sources */,
				E4113534A2D766D5AB475C7A /* MobilityFlow.swift in Sources */,
				9F424CE148CBF51277D7F45D /* MobilityLibrary.swift in Sources */,
				9A6F860333674828A55EC7AF /* PatternReader.swift in Sources */,
				64B0FB4429BD896D3559AC82 /* WakeSchedule.swift in Sources */,
				88902A7F3266F931EF61C331 /* AIInsightCardView.swift in Sources */,
				A90F2D041FD884A84461E456 /* AboutView.swift in Sources */,
				2D25D3C21AA49AC73AAF3153 /* CycleCompleteView.swift in Sources */,
				BC732108F90C47ED2484355D /* FeedbackView.swift in Sources */,
				F7152DD3761B4BCE67849C12 /* FlowCheckoutView.swift in Sources */,
				6F3BC978ACEFCFEFAC8EFAAA /* GuidedPauseView.swift in Sources */,
				3214155B6FAAFAA454CAABE1 /* InsightPreviewView.swift in Sources */,
				83AB5A8E12FBA99D5E52B042 /* MobilityFlowView.swift in Sources */,
				D5E09515702BD293497FDCBD /* MorningSoundView.swift in Sources */,
				08E770B1558DC53AE9F0FE1F /* MoveView.swift in Sources */,
				5A1F0D1ABBC031E59345140A /* OnboardingView.swift in Sources */,
				AE1D54C4BFF96D4D8AF83020 /* PaywallView.swift in Sources */,
				F2E212D759C0E707272E9607 /* ScheduleSetupView.swift in Sources */,
				539BA6AC552A64382C0C6099 /* StickFigureView.swift in Sources */,
				E855C84D9CF9995F874F5F04 /* WeeklyAffirmationView.swift in Sources */,
				051083B605FCF7A2461C6742 /* WinView.swift in Sources */,
				B1C2D3E4F5061122B1C2D3E4 /* StreakStripView.swift in Sources */,
				D1E2F3A4B5C60011D1E2F3A4 /* MorningPagesStore.swift in Sources */,
				F1A2B3C4D5E60011F1A2B3C4 /* MonthlyStoryEngine.swift in Sources */,
				B2C3D4E5F6A70011B2C3D4E5 /* BreathResetView.swift in Sources */,
				D2E3F4A5B6C70011D2E3F4A5 /* MorningPagesView.swift in Sources */,
				F2A3B4C5D6E70011F2A3B4C5 /* MonthlyStoryView.swift in Sources */,
				B3C4D5E6F7A80011B3C4D5E6 /* PremiumHubView.swift in Sources */,
			);
			runOnlyForDeploymentPostprocessing = 0;
		};
		F3CDF1362F79C31C005E6880 /* Sources */ = {
			isa = PBXSourcesBuildPhase;
			buildActionMask = 2147483647;
			files = (
			);
			runOnlyForDeploymentPostprocessing = 0;
		};
		F3CDF1402F79C31C005E6880 /* Sources */ = {
			isa = PBXSourcesBuildPhase;
			buildActionMask = 2147483647;
			files = (
			);
			runOnlyForDeploymentPostprocessing = 0;
		};
		CC100007CC100007CC100007 /* Sources */ = {
			isa = PBXSourcesBuildPhase;
			buildActionMask = 2147483647;
			files = (
				CC100005CC100005CC100005 /* MorningResetWidget.swift in Sources */,
				AA0100A2AA0100A2AA0100A2 /* WakeActivityAttributes.swift in Sources */,
			);
			runOnlyForDeploymentPostprocessing = 0;
		};
/* End PBXSourcesBuildPhase section */

/* Begin PBXTargetDependency section */
		F3CDF13C2F79C31C005E6880 /* PBXTargetDependency */ = {
			isa = PBXTargetDependency;
			target = F3CDF12C2F79C31A005E6880 /* MorningReset */;
			targetProxy = F3CDF13B2F79C31C005E6880 /* PBXContainerItemProxy */;
		};
		F3CDF1462F79C31C005E6880 /* PBXTargetDependency */ = {
			isa = PBXTargetDependency;
			target = F3CDF12C2F79C31A005E6880 /* MorningReset */;
			targetProxy = F3CDF1452F79C31C005E6880 /* PBXContainerItemProxy */;
		};
		CC100010CC100010CC100010 /* PBXTargetDependency */ = {
			isa = PBXTargetDependency;
			target = CC10000BCC10000BCC10000B /* MorningResetWidget */;
			targetProxy = CC10000FCC10000FCC10000F /* PBXContainerItemProxy */;
		};
/* End PBXTargetDependency section */

/* Begin XCBuildConfiguration section */
		F3CDF14C2F79C31C005E6880 /* Debug */ = {
			isa = XCBuildConfiguration;
			buildSettings = {
				ALWAYS_SEARCH_USER_PATHS = NO;
				ASSETCATALOG_COMPILER_GENERATE_SWIFT_ASSET_SYMBOL_EXTENSIONS = YES;
				CLANG_ANALYZER_NONNULL = YES;
				CLANG_ANALYZER_NUMBER_OBJECT_CONVERSION = YES_AGGRESSIVE;
				CLANG_CXX_LANGUAGE_STANDARD = "gnu++20";
				CLANG_ENABLE_MODULES = YES;
				CLANG_ENABLE_OBJC_ARC = YES;
				CLANG_ENABLE_OBJC_WEAK = YES;
				CLANG_WARN_BLOCK_CAPTURE_AUTORELEASING = YES;
				CLANG_WARN_BOOL_CONVERSION = YES;
				CLANG_WARN_COMMA = YES;
				CLANG_WARN_CONSTANT_CONVERSION = YES;
				CLANG_WARN_DEPRECATED_OBJC_IMPLEMENTATIONS = YES;
				CLANG_WARN_DIRECT_OBJC_ISA_USAGE = YES_ERROR;
				CLANG_WARN_DOCUMENTATION_COMMENTS = YES;
				CLANG_WARN_EMPTY_BODY = YES;
				CLANG_WARN_ENUM_CONVERSION = YES;
				CLANG_WARN_INFINITE_RECURSION = YES;
				CLANG_WARN_INT_CONVERSION = YES;
				CLANG_WARN_NON_LITERAL_NULL_CONVERSION = YES;
				CLANG_WARN_OBJC_IMPLICIT_RETAIN_SELF = YES;
				CLANG_WARN_OBJC_LITERAL_CONVERSION = YES;
				CLANG_WARN_OBJC_ROOT_CLASS = YES_ERROR;
				CLANG_WARN_QUOTED_INCLUDE_IN_FRAMEWORK_HEADER = YES;
				CLANG_WARN_RANGE_LOOP_ANALYSIS = YES;
				CLANG_WARN_STRICT_PROTOTYPES = YES;
				CLANG_WARN_SUSPICIOUS_MOVE = YES;
				CLANG_WARN_UNGUARDED_AVAILABILITY = YES_AGGRESSIVE;
				CLANG_WARN_UNREACHABLE_CODE = YES;
				CLANG_WARN__DUPLICATE_METHOD_MATCH = YES;
				COPY_PHASE_STRIP = NO;
				DEBUG_INFORMATION_FORMAT = dwarf;
				ENABLE_STRICT_OBJC_MSGSEND = YES;
				ENABLE_TESTABILITY = YES;
				ENABLE_USER_SCRIPT_SANDBOXING = YES;
				GCC_C_LANGUAGE_STANDARD = gnu17;
				GCC_DYNAMIC_NO_PIC = NO;
				GCC_NO_COMMON_BLOCKS = YES;
				GCC_OPTIMIZATION_LEVEL = 0;
				GCC_PREPROCESSOR_DEFINITIONS = (
					"DEBUG=1",
					"$(inherited)",
				);
				GCC_WARN_64_TO_32_BIT_CONVERSION = YES;
				GCC_WARN_ABOUT_RETURN_TYPE = YES_ERROR;
				GCC_WARN_UNDECLARED_SELECTOR = YES;
				GCC_WARN_UNINITIALIZED_AUTOS = YES_AGGRESSIVE;
				GCC_WARN_UNUSED_FUNCTION = YES;
				GCC_WARN_UNUSED_VARIABLE = YES;
				IPHONEOS_DEPLOYMENT_TARGET = 26.4;
				LOCALIZATION_PREFERS_STRING_CATALOGS = YES;
				MTL_ENABLE_DEBUG_INFO = INCLUDE_SOURCE;
				DEVELOPMENT_TEAM = DC8ALPY949;
				MTL_FAST_MATH = YES;
				ONLY_ACTIVE_ARCH = YES;
				SDKROOT = iphoneos;
				SWIFT_ACTIVE_COMPILATION_CONDITIONS = "DEBUG $(inherited)";
				SWIFT_OPTIMIZATION_LEVEL = "-Onone";
			};
			name = Debug;
		};
		F3CDF14D2F79C31C005E6880 /* Release */ = {
			isa = XCBuildConfiguration;
			buildSettings = {
				ALWAYS_SEARCH_USER_PATHS = NO;
				ASSETCATALOG_COMPILER_GENERATE_SWIFT_ASSET_SYMBOL_EXTENSIONS = YES;
				CLANG_ANALYZER_NONNULL = YES;
				CLANG_ANALYZER_NUMBER_OBJECT_CONVERSION = YES_AGGRESSIVE;
				CLANG_CXX_LANGUAGE_STANDARD = "gnu++20";
				CLANG_ENABLE_MODULES = YES;
				CLANG_ENABLE_OBJC_ARC = YES;
				CLANG_ENABLE_OBJC_WEAK = YES;
				CLANG_WARN_BLOCK_CAPTURE_AUTORELEASING = YES;
				CLANG_WARN_BOOL_CONVERSION = YES;
				CLANG_WARN_COMMA = YES;
				CLANG_WARN_CONSTANT_CONVERSION = YES;
				CLANG_WARN_DEPRECATED_OBJC_IMPLEMENTATIONS = YES;
				CLANG_WARN_DIRECT_OBJC_ISA_USAGE = YES_ERROR;
				CLANG_WARN_DOCUMENTATION_COMMENTS = YES;
				CLANG_WARN_EMPTY_BODY = YES;
				CLANG_WARN_ENUM_CONVERSION = YES;
				CLANG_WARN_INFINITE_RECURSION = YES;
				CLANG_WARN_INT_CONVERSION = YES;
				CLANG_WARN_NON_LITERAL_NULL_CONVERSION = YES;
				CLANG_WARN_OBJC_IMPLICIT_RETAIN_SELF = YES;
				CLANG_WARN_OBJC_LITERAL_CONVERSION = YES;
				CLANG_WARN_OBJC_ROOT_CLASS = YES_ERROR;
				CLANG_WARN_QUOTED_INCLUDE_IN_FRAMEWORK_HEADER = YES;
				CLANG_WARN_RANGE_LOOP_ANALYSIS = YES;
				CLANG_WARN_STRICT_PROTOTYPES = YES;
				CLANG_WARN_SUSPICIOUS_MOVE = YES;
				CLANG_WARN_UNGUARDED_AVAILABILITY = YES_AGGRESSIVE;
				CLANG_WARN_UNREACHABLE_CODE = YES;
				CLANG_WARN__DUPLICATE_METHOD_MATCH = YES;
				COPY_PHASE_STRIP = NO;
				DEBUG_INFORMATION_FORMAT = "dwarf-with-dsym";
				ENABLE_NS_ASSERTIONS = NO;
				ENABLE_STRICT_OBJC_MSGSEND = YES;
				ENABLE_USER_SCRIPT_SANDBOXING = YES;
				GCC_C_LANGUAGE_STANDARD = gnu17;
				GCC_NO_COMMON_BLOCKS = YES;
				GCC_WARN_64_TO_32_BIT_CONVERSION = YES;
				GCC_WARN_ABOUT_RETURN_TYPE = YES_ERROR;
				GCC_WARN_UNDECLARED_SELECTOR = YES;
				GCC_WARN_UNINITIALIZED_AUTOS = YES_AGGRESSIVE;
				GCC_WARN_UNUSED_FUNCTION = YES;
				GCC_WARN_UNUSED_VARIABLE = YES;
				DEVELOPMENT_TEAM = DC8ALPY949;
				IPHONEOS_DEPLOYMENT_TARGET = 26.4;
				LOCALIZATION_PREFERS_STRING_CATALOGS = YES;
				MTL_ENABLE_DEBUG_INFO = NO;
				MTL_FAST_MATH = YES;
				SDKROOT = iphoneos;
				SWIFT_COMPILATION_MODE = wholemodule;
				VALIDATE_PRODUCT = YES;
			};
			name = Release;
		};
		F3CDF14F2F79C31C005E6880 /* Debug */ = {
			isa = XCBuildConfiguration;
			buildSettings = {
				ASSETCATALOG_COMPILER_APPICON_NAME = AppIcon;
				ASSETCATALOG_COMPILER_GLOBAL_ACCENT_COLOR_NAME = AccentColor;
				CODE_SIGN_STYLE = Automatic;
				CURRENT_PROJECT_VERSION = 3;
				ENABLE_PREVIEWS = YES;
					GENERATE_INFOPLIST_FILE = YES;
					INFOPLIST_FILE = MorningReset/Info.plist;
					INFOPLIST_KEY_ITSAppUsesNonExemptEncryption = NO;
					INFOPLIST_KEY_UIApplicationSceneManifest_Generation = YES;
					INFOPLIST_KEY_UIApplicationSupportsIndirectInputEvents = YES;
					INFOPLIST_KEY_UILaunchScreen_Generation = YES;
				INFOPLIST_KEY_NSUserNotificationsUsageDescription = "Morning Reset uses notifications for your scheduled morning reset ping.";
				INFOPLIST_KEY_UISupportedInterfaceOrientations_iPhone = UIInterfaceOrientationPortrait;
				IPHONEOS_DEPLOYMENT_TARGET = 17.6;
				LD_RUNPATH_SEARCH_PATHS = (
					"$(inherited)",
					"@executable_path/Frameworks",
				);
				MARKETING_VERSION = 1.1;
				PRODUCT_BUNDLE_IDENTIFIER = com.canayan.MorningReset;
				PRODUCT_NAME = "$(TARGET_NAME)";
				STRING_CATALOG_GENERATE_SYMBOLS = YES;
				SWIFT_APPROACHABLE_CONCURRENCY = YES;
				CODE_SIGN_ENTITLEMENTS = "MorningReset/MorningReset.entitlements";
				SWIFT_DEFAULT_ACTOR_ISOLATION = MainActor;
				SWIFT_EMIT_LOC_STRINGS = YES;
				SWIFT_UPCOMING_FEATURE_MEMBER_IMPORT_VISIBILITY = YES;
				SWIFT_VERSION = 5.0;
				TARGETED_DEVICE_FAMILY = 1;
			};
			name = Debug;
		};
		F3CDF1502F79C31C005E6880 /* Release */ = {
			isa = XCBuildConfiguration;
			buildSettings = {
				ASSETCATALOG_COMPILER_APPICON_NAME = AppIcon;
				ASSETCATALOG_COMPILER_GLOBAL_ACCENT_COLOR_NAME = AccentColor;
				CODE_SIGN_STYLE = Manual;
				CODE_SIGN_IDENTITY = "Apple Distribution";
				PROVISIONING_PROFILE_SPECIFIER = "MorningReset AppStore";
				CURRENT_PROJECT_VERSION = 3;
				ENABLE_PREVIEWS = YES;
					GENERATE_INFOPLIST_FILE = YES;
					INFOPLIST_FILE = MorningReset/Info.plist;
					INFOPLIST_KEY_ITSAppUsesNonExemptEncryption = NO;
					INFOPLIST_KEY_UIApplicationSceneManifest_Generation = YES;
					INFOPLIST_KEY_UIApplicationSupportsIndirectInputEvents = YES;
					INFOPLIST_KEY_UILaunchScreen_Generation = YES;
				INFOPLIST_KEY_NSUserNotificationsUsageDescription = "Morning Reset uses notifications for your scheduled morning reset ping.";
				INFOPLIST_KEY_UISupportedInterfaceOrientations_iPhone = UIInterfaceOrientationPortrait;
				IPHONEOS_DEPLOYMENT_TARGET = 17.6;
				LD_RUNPATH_SEARCH_PATHS = (
					"$(inherited)",
					"@executable_path/Frameworks",
				);
				MARKETING_VERSION = 1.1;
				PRODUCT_BUNDLE_IDENTIFIER = com.canayan.MorningReset;
				PRODUCT_NAME = "$(TARGET_NAME)";
				STRING_CATALOG_GENERATE_SYMBOLS = YES;
				SWIFT_APPROACHABLE_CONCURRENCY = YES;
				CODE_SIGN_ENTITLEMENTS = "MorningReset/MorningReset.entitlements";
				SWIFT_DEFAULT_ACTOR_ISOLATION = MainActor;
				SWIFT_EMIT_LOC_STRINGS = YES;
				SWIFT_UPCOMING_FEATURE_MEMBER_IMPORT_VISIBILITY = YES;
				SWIFT_VERSION = 5.0;
				TARGETED_DEVICE_FAMILY = 1;
			};
			name = Release;
		};
		F3CDF1522F79C31C005E6880 /* Debug */ = {
			isa = XCBuildConfiguration;
			buildSettings = {
				BUNDLE_LOADER = "$(TEST_HOST)";
				CODE_SIGN_STYLE = Automatic;
				CURRENT_PROJECT_VERSION = 3;
				GENERATE_INFOPLIST_FILE = YES;
				IPHONEOS_DEPLOYMENT_TARGET = 26.4;
				MARKETING_VERSION = 1.1;
				PRODUCT_BUNDLE_IDENTIFIER = com.canayan.MorningResetTests;
				PRODUCT_NAME = "$(TARGET_NAME)";
				STRING_CATALOG_GENERATE_SYMBOLS = NO;
				SWIFT_APPROACHABLE_CONCURRENCY = YES;
				SWIFT_EMIT_LOC_STRINGS = NO;
				SWIFT_UPCOMING_FEATURE_MEMBER_IMPORT_VISIBILITY = YES;
				SWIFT_VERSION = 5.0;
				TARGETED_DEVICE_FAMILY = 1;
				TEST_HOST = "$(BUILT_PRODUCTS_DIR)/MorningReset.app/$(BUNDLE_EXECUTABLE_FOLDER_PATH)/MorningReset";
			};
			name = Debug;
		};
		F3CDF1532F79C31C005E6880 /* Release */ = {
			isa = XCBuildConfiguration;
			buildSettings = {
				BUNDLE_LOADER = "$(TEST_HOST)";
				CODE_SIGN_STYLE = Automatic;
				CURRENT_PROJECT_VERSION = 3;
				GENERATE_INFOPLIST_FILE = YES;
				IPHONEOS_DEPLOYMENT_TARGET = 26.4;
				MARKETING_VERSION = 1.1;
				PRODUCT_BUNDLE_IDENTIFIER = com.canayan.MorningResetTests;
				PRODUCT_NAME = "$(TARGET_NAME)";
				STRING_CATALOG_GENERATE_SYMBOLS = NO;
				SWIFT_APPROACHABLE_CONCURRENCY = YES;
				SWIFT_EMIT_LOC_STRINGS = NO;
				SWIFT_UPCOMING_FEATURE_MEMBER_IMPORT_VISIBILITY = YES;
				SWIFT_VERSION = 5.0;
				TARGETED_DEVICE_FAMILY = 1;
				TEST_HOST = "$(BUILT_PRODUCTS_DIR)/MorningReset.app/$(BUNDLE_EXECUTABLE_FOLDER_PATH)/MorningReset";
			};
			name = Release;
		};
		F3CDF1552F79C31C005E6880 /* Debug */ = {
			isa = XCBuildConfiguration;
			buildSettings = {
				CODE_SIGN_STYLE = Automatic;
				CURRENT_PROJECT_VERSION = 3;
				GENERATE_INFOPLIST_FILE = YES;
				MARKETING_VERSION = 1.1;
				PRODUCT_BUNDLE_IDENTIFIER = com.canayan.MorningResetUITests;
				PRODUCT_NAME = "$(TARGET_NAME)";
				STRING_CATALOG_GENERATE_SYMBOLS = NO;
				SWIFT_APPROACHABLE_CONCURRENCY = YES;
				SWIFT_EMIT_LOC_STRINGS = NO;
				SWIFT_UPCOMING_FEATURE_MEMBER_IMPORT_VISIBILITY = YES;
				SWIFT_VERSION = 5.0;
				TARGETED_DEVICE_FAMILY = 1;
				TEST_TARGET_NAME = MorningReset;
			};
			name = Debug;
		};
		F3CDF1562F79C31C005E6880 /* Release */ = {
			isa = XCBuildConfiguration;
			buildSettings = {
				CODE_SIGN_STYLE = Automatic;
				CURRENT_PROJECT_VERSION = 3;
				GENERATE_INFOPLIST_FILE = YES;
				MARKETING_VERSION = 1.1;
				PRODUCT_BUNDLE_IDENTIFIER = com.canayan.MorningResetUITests;
				PRODUCT_NAME = "$(TARGET_NAME)";
				STRING_CATALOG_GENERATE_SYMBOLS = NO;
				SWIFT_APPROACHABLE_CONCURRENCY = YES;
				SWIFT_EMIT_LOC_STRINGS = NO;
				SWIFT_UPCOMING_FEATURE_MEMBER_IMPORT_VISIBILITY = YES;
				SWIFT_VERSION = 5.0;
				TARGETED_DEVICE_FAMILY = 1;
				TEST_TARGET_NAME = MorningReset;
			};
			name = Release;
		};
		CC10000CCC10000CCC10000C /* Debug */ = {
			isa = XCBuildConfiguration;
			buildSettings = {
				CODE_SIGN_ENTITLEMENTS = Widget/MorningResetWidget.entitlements;
				CODE_SIGN_STYLE = Automatic;
				CURRENT_PROJECT_VERSION = 3;
				GENERATE_INFOPLIST_FILE = YES;
				INFOPLIST_FILE = Widget/Info.plist;
				IPHONEOS_DEPLOYMENT_TARGET = 17.6;
				LD_RUNPATH_SEARCH_PATHS = (
					"$(inherited)",
					"@executable_path/Frameworks",
					"@executable_path/../../Frameworks",
				);
				MARKETING_VERSION = 1.1;
				PRODUCT_BUNDLE_IDENTIFIER = com.canayan.MorningReset.widget;
				PRODUCT_NAME = "$(TARGET_NAME)";
				SKIP_INSTALL = YES;
				SWIFT_APPROACHABLE_CONCURRENCY = YES;
				SWIFT_EMIT_LOC_STRINGS = YES;
				SWIFT_UPCOMING_FEATURE_MEMBER_IMPORT_VISIBILITY = YES;
				SWIFT_VERSION = 5.0;
				TARGETED_DEVICE_FAMILY = 1;
			};
			name = Debug;
		};
		CC10000DCC10000DCC10000D /* Release */ = {
			isa = XCBuildConfiguration;
			buildSettings = {
				CODE_SIGN_ENTITLEMENTS = Widget/MorningResetWidget.entitlements;
				CODE_SIGN_STYLE = Manual;
				CODE_SIGN_IDENTITY = "Apple Distribution";
				PROVISIONING_PROFILE_SPECIFIER = "MorningReset Widget AppStore";
				CURRENT_PROJECT_VERSION = 3;
				GENERATE_INFOPLIST_FILE = YES;
				INFOPLIST_FILE = Widget/Info.plist;
				IPHONEOS_DEPLOYMENT_TARGET = 17.6;
				LD_RUNPATH_SEARCH_PATHS = (
					"$(inherited)",
					"@executable_path/Frameworks",
					"@executable_path/../../Frameworks",
				);
				MARKETING_VERSION = 1.1;
				PRODUCT_BUNDLE_IDENTIFIER = com.canayan.MorningReset.widget;
				PRODUCT_NAME = "$(TARGET_NAME)";
				SKIP_INSTALL = YES;
				SWIFT_APPROACHABLE_CONCURRENCY = YES;
				SWIFT_EMIT_LOC_STRINGS = YES;
				SWIFT_UPCOMING_FEATURE_MEMBER_IMPORT_VISIBILITY = YES;
				SWIFT_VERSION = 5.0;
				TARGETED_DEVICE_FAMILY = 1;
			};
			name = Release;
		};
/* End XCBuildConfiguration section */

/* Begin XCConfigurationList section */
		F3CDF1282F79C31A005E6880 /* Build configuration list for PBXProject "MorningReset" */ = {
			isa = XCConfigurationList;
			buildConfigurations = (
				F3CDF14C2F79C31C005E6880 /* Debug */,
				F3CDF14D2F79C31C005E6880 /* Release */,
			);
			defaultConfigurationIsVisible = 0;
			defaultConfigurationName = Release;
		};
		F3CDF14E2F79C31C005E6880 /* Build configuration list for PBXNativeTarget "MorningReset" */ = {
			isa = XCConfigurationList;
			buildConfigurations = (
				F3CDF14F2F79C31C005E6880 /* Debug */,
				F3CDF1502F79C31C005E6880 /* Release */,
			);
			defaultConfigurationIsVisible = 0;
			defaultConfigurationName = Release;
		};
		F3CDF1512F79C31C005E6880 /* Build configuration list for PBXNativeTarget "MorningResetTests" */ = {
			isa = XCConfigurationList;
			buildConfigurations = (
				F3CDF1522F79C31C005E6880 /* Debug */,
				F3CDF1532F79C31C005E6880 /* Release */,
			);
			defaultConfigurationIsVisible = 0;
			defaultConfigurationName = Release;
		};
		F3CDF1542F79C31C005E6880 /* Build configuration list for PBXNativeTarget "MorningResetUITests" */ = {
			isa = XCConfigurationList;
			buildConfigurations = (
				F3CDF1552F79C31C005E6880 /* Debug */,
				F3CDF1562F79C31C005E6880 /* Release */,
			);
			defaultConfigurationIsVisible = 0;
			defaultConfigurationName = Release;
		};
		CC10000ECC10000ECC10000E /* Build configuration list for PBXNativeTarget "MorningResetWidget" */ = {
			isa = XCConfigurationList;
			buildConfigurations = (
				CC10000CCC10000CCC10000C /* Debug */,
				CC10000DCC10000DCC10000D /* Release */,
			);
			defaultConfigurationIsVisible = 0;
			defaultConfigurationName = Release;
		};
/* End XCConfigurationList section */
	};
	rootObject = F3CDF1252F79C31A005E6880 /* Project object */;
}
